{
    "_meta": {
        "hash": {
            "sha256": "9bbae0c4a7c9cbe583fdfcbb82f716bc9f41db497e2ebf57983a228126214188"
        },
        "pipfile-spec": 6,
        "requires": {
            "python_version": "3.7"
        },
        "sources": [
            {
                "name": "pypi",
                "url": "https://pypi.org/simple",
                "verify_ssl": true
            }
        ]
    },
    "default": {
        "pynput": {
            "hashes": [
                "sha256:6afd47beb438cdc9fa250647b2abd6786b7ef2c7bf9b1ff1e3b7cbb797fa6d7a",
                "sha256:92fdd578407433219e63626fb4f1b415b54de5a9b0a2a8fddcb62b690c37a7b6"
            ],
            "index": "pypi",
            "version": "==1.4.2"
        },
        "pyobjc-core": {
            "hashes": [
                "sha256:046449f510c1f33d41bdd0d4c8eb2f084593a2ee4573a25d604bdccabb7a909e",
                "sha256:5ae84984fa4967a6b6962ae25997de954d110efeea69ff1f09e128675f86dc80",
                "sha256:66651923eb225d3ad2a07c0b3530842c06b8f35e5adf30c74ea378697691bb09",
                "sha256:6be4631868b36dde9a771707f325b7ea7616f5ca1ad38eafe8435f4757193419",
                "sha256:6f3dd8e20119d5c75ea5ac548734fef2702c457b66aa66059b6e037129467f95",
                "sha256:9c79ab63ec48f195a5c07bbb7bc73378b6a45b1d7893f911ff51c918dae13538",
                "sha256:a6f65fb313e5e1efab5c4b4591142a73af4ca52a2c39d98f540f42fc774e262e",
                "sha256:b551af26c21883a6e27c0ce58e5e9f3ae9027388686ae978d134afa102164045",
                "sha256:cd13a2e9be890064a6dd11db7790bbf38502350c532a9a9d05511abb8683b8ea"
            ],
            "version": "==5.2"
        },
        "pyobjc-framework-cocoa": {
            "hashes": [
                "sha256:3a2a7771e584858ee43faef08b9ca7c632c8c27a3d9e1bfd5dd1909d7c087ed8",
                "sha256:406e0516e40aca309db1c1581a94c08394823b20b1a43e0cfe5b2390392b5d5a",
                "sha256:42fe17fce0ebdaeb1a8451b5ad955d7717c431f8af54573ef628486ab5c1441b",
                "sha256:561785bbc4dd2f05cc836464733382ef6a69cb13338a7bc5f8297f5cd021d0bd",
                "sha256:56a818b57f664e2b4e595e89070d79f824a04dd014cfa67e4fc74f2b3f1b6214",
                "sha256:793a807c583eecbeeba40114fc0156f28d3a5a2fda5094235b06bf8dcbb5982d",
                "sha256:cc51243ca34deccb99d8db738dccbad38934147fee2d64ef3cf6016ba3496675",
                "sha256:d72d48cf2e24c2f540a1b1348a880fde87b1f8cb7e1be5e95550a306152d48d0",
                "sha256:e9421ccb48d0c3c9c13f3f8f0f818fa77ced36e67cae998302f87269a1ee1402"
            ],
            "version": "==5.2"
        },
        "pyobjc-framework-quartz": {
            "hashes": [
                "sha256:1b30a77beb90cbc7e1dfda4706939156d1804fde87912ffb5745eb26c555e5b5",
                "sha256:275c914f588b018f5494706d2bdc4dd387ab774be70885358663d48754053d50",
                "sha256:2dbc01486951007692cf62dccdbbc883ff7dc0c0b1fda1bce8511c95bd1389b5",
                "sha256:38991aaaefa8296102c01e5cafcedcdac7305844573a238bb8070c56ac0576e8",
                "sha256:4e76f444445e2561c56c43d50a0001f9a62c5d2e9f06bc2c2847768929ded89c",
                "sha256:6105ffaaf8aab11e3ec5ccb91b7fa3314bec04f0f05b2433b96023095ebb3dbd",
                "sha256:668e1e103c3736a4aa8b891726328c5e3bd92d1efed4be9e69ed06f513ab1334",
                "sha256:89d41e86b075788deb65695e32001de488412ae9b60191294a3fd31e8b3d2613",
                "sha256:d03c1778fdd92c6463559b2e749a0974e065f31aac7a7cd760733bd9f4a81bb8"
            ],
            "markers": "sys_platform == 'darwin'",
            "version": "==5.2"
        },
        "six": {
            "hashes": [
                "sha256:3350809f0555b11f552448330d0b52d5f24c91a322ea4a15ef22629740f3761c",
                "sha256:d16a0141ec1a18405cd4ce8b4613101da75da0e9a7aec5bdd4fa804d0e0eba73"
            ],
            "version": "==1.12.0"
        }
    },
    "develop": {
        "appnope": {
            "hashes": [
                "sha256:5b26757dc6f79a3b7dc9fab95359328d5747fcb2409d331ea66d0272b90ab2a0",
                "sha256:8b995ffe925347a2138d7ac0fe77155e4311a0ea6d6da4f5128fe4b3cbe5ed71"
            ],
            "markers": "sys_platform == 'darwin'",
            "version": "==0.1.0"
        },
        "backcall": {
            "hashes": [
                "sha256:38ecd85be2c1e78f77fd91700c76e14667dc21e2713b63876c0eb901196e01e4",
                "sha256:bbbf4b1e5cd2bdb08f915895b51081c041bac22394fdfcfdfbe9f14b77c08bf2"
            ],
            "version": "==0.1.0"
        },
        "decorator": {
            "hashes": [
                "sha256:86156361c50488b84a3f148056ea716ca587df2f0de1d34750d35c21312725de",
                "sha256:f069f3a01830ca754ba5258fde2278454a0b5b79e0d7f5c13b3b97e57d4acff6"
            ],
            "version": "==4.4.0"
        },
        "ipython": {
            "hashes": [
                "sha256:11067ab11d98b1e6c7f0993506f7a5f8a91af420f7e82be6575fcb7a6ca372a0",
                "sha256:60bc55c2c1d287161191cc2469e73c116d9b634cff25fe214a43cba7cec94c79"
            ],
            "index": "pypi",
            "version": "==7.6.1"
        },
        "ipython-genutils": {
            "hashes": [
                "sha256:72dd37233799e619666c9f639a9da83c34013a73e8bbc79a7a6348d93c61fab8",
                "sha256:eb2e116e75ecef9d4d228fdc66af54269afa26ab4463042e33785b887c628ba8"
            ],
            "version": "==0.2.0"
        },
        "jedi": {
            "hashes": [
                "sha256:49ccb782651bb6f7009810d17a3316f8867dde31654c750506970742e18b553d",
                "sha256:79d0f6595f3846dffcbe667cc6dc821b96e5baa8add125176c31a3917eb19d58"
            ],
            "version": "==0.14.0"
        },
        "parso": {
            "hashes": [
                "sha256:5052bb33be034cba784193e74b1cde6ebf29ae8b8c1e4ad94df0c4209bfc4826",
                "sha256:db5881df1643bf3e66c097bfd8935cf03eae73f4cb61ae4433c9ea4fb6613446"
            ],
            "version": "==0.5.0"
        },
        "pexpect": {
            "hashes": [
                "sha256:2094eefdfcf37a1fdbfb9aa090862c1a4878e5c7e0e7e7088bdb511c558e5cd1",
                "sha256:9e2c1fd0e6ee3a49b28f95d4b33bc389c89b20af6a1255906e90ff1262ce62eb"
            ],
            "markers": "sys_platform != 'win32'",
            "version": "==4.7.0"
        },
        "pickleshare": {
            "hashes": [
                "sha256:87683d47965c1da65cdacaf31c8441d12b8044cdec9aca500cd78fc2c683afca",
                "sha256:9649af414d74d4df115d5d718f82acb59c9d418196b7b4290ed47a12ce62df56"
            ],
            "version": "==0.7.5"
        },
        "prompt-toolkit": {
            "hashes": [
                "sha256:11adf3389a996a6d45cc277580d0d53e8a5afd281d0c9ec71b28e6f121463780",
                "sha256:2519ad1d8038fd5fc8e770362237ad0364d16a7650fb5724af6997ed5515e3c1",
                "sha256:977c6583ae813a37dc1c2e1b715892461fcbdaa57f6fc62f33a528c4886c8f55"
            ],
            "version": "==2.0.9"
        },
        "ptyprocess": {
            "hashes": [
                "sha256:923f299cc5ad920c68f2bc0bc98b75b9f838b93b599941a6b63ddbc2476394c0",
                "sha256:d7cc528d76e76342423ca640335bd3633420dc1366f258cb31d05e865ef5ca1f"
            ],
            "version": "==0.6.0"
        },
        "pygments": {
            "hashes": [
                "sha256:71e430bc85c88a430f000ac1d9b331d2407f681d6f6aec95e8bcfbc3df5b0127",
                "sha256:881c4c157e45f30af185c1ffe8d549d48ac9127433f2c380c24b84572ad66297"
            ],
            "version": "==2.4.2"
        },
        "six": {
            "hashes": [
                "sha256:3350809f0555b11f552448330d0b52d5f24c91a322ea4a15ef22629740f3761c",
                "sha256:d16a0141ec1a18405cd4ce8b4613101da75da0e9a7aec5bdd4fa804d0e0eba73"
            ],
            "version": "==1.12.0"
        },
        "traitlets": {
            "hashes": [
                "sha256:9c4bd2d267b7153df9152698efb1050a5d84982d3384a37b2c1f7723ba3e7835",
                "sha256:c6cb5e6f57c5a9bdaa40fa71ce7b4af30298fbab9ece9815b5d995ab6217c7d9"
            ],
            "version": "==4.3.2"
        },
        "wcwidth": {
            "hashes": [
                "sha256:3df37372226d6e63e1b1e1eda15c594bca98a22d33a23832a90998faa96bc65e",
                "sha256:f4ebe71925af7b40a864553f761ed559b43544f8f71746c2d756c7fe788ade7c"
            ],
            "version": "==0.1.7"
        }
    }
}
